
Microsoft Visual Studio Solution File, Format Version 12.00
# Visual Studio Version 16
VisualStudioVersion = 16.0.29102.190
MinimumVisualStudioVersion = 10.0.40219.1
Project("{FAE04EC0-301F-11D3-BF4B-00C04F79EFBC}") = "QbservableProvider.Core", "QbservableProvider.Core\QbservableProvider.Core.csproj", "{2A926930-62E8-4AB6-97B4-6B9911EEC7EC}"
EndProject
Project("{FAE04EC0-301F-11D3-BF4B-00C04F79EFBC}") = "QbservableProvider.EventStore", "QbservableProvider.EventStore\QbservableProvider.EventStore.csproj", "{EB6B3557-7435-42D8-9E5C-CE15C32041FE}"
EndProject
Project("{FAE04EC0-301F-11D3-BF4B-00C04F79EFBC}") = "QbservableProvider.EventStore.Client", "QbservableProvider.EventStore.Client\QbservableProvider.EventStore.Client.csproj", "{8D74217D-B960-4133-A433-486A589FA01F}"
EndProject
Project("{FAE04EC0-301F-11D3-BF4B-00C04F79EFBC}") = "QbservableProvider.InMemory", "QbservableProvider.InMemory\QbservableProvider.InMemory.csproj", "{4E66555E-604C-4410-BD6A-DD0C64BFC747}"
EndProject
Project("{FAE04EC0-301F-11D3-BF4B-00C04F79EFBC}") = "QbservableProvider.Test", "QbservableProvider.Test\QbservableProvider.Test.csproj", "{457F2B22-7F8D-47C5-9603-0E2FCCA0A14E}"
EndProject
Project("{FAE04EC0-301F-11D3-BF4B-00C04F79EFBC}") = "QbservableProvider.Grpc", "QbservableProvider.Grpc\QbservableProvider.Grpc.csproj", "{D16D287D-D323-49D5-8F05-6743C1A3AC9A}"
EndProject
Project("{FAE04EC0-301F-11D3-BF4B-00C04F79EFBC}") = "QbservableProvider.Grpc.Client", "QbservableProvider.Grpc.Client\QbservableProvider.Grpc.Client.csproj", "{C4E3AAE5-2EC8-427F-BCB3-80B4984FE1CF}"
EndProject
Project("{FAE04EC0-301F-11D3-BF4B-00C04F79EFBC}") = "QbservableProvider.Grpc.Server", "QbservableProvider.Grpc.Server\QbservableProvider.Grpc.Server.csproj", "{E3C87566-6210-4809-B4F2-42988FEC207A}"
EndProject
Global
	GlobalSection(SolutionConfigurationPlatforms) = preSolution
		Debug|Any CPU = Debug|Any CPU
		Release|Any CPU = Release|Any CPU
	EndGlobalSection
	GlobalSection(ProjectConfigurationPlatforms) = postSolution
		{2A926930-62E8-4AB6-97B4-6B9911EEC7EC}.Debug|Any CPU.ActiveCfg = Debug|Any CPU
		{2A926930-62E8-4AB6-97B4-6B9911EEC7EC}.Debug|Any CPU.Build.0 = Debug|Any CPU
		{2A926930-62E8-4AB6-97B4-6B9911EEC7EC}.Release|Any CPU.ActiveCfg = Release|Any CPU
		{2A926930-62E8-4AB6-97B4-6B9911EEC7EC}.Release|Any CPU.Build.0 = Release|Any CPU
		{EB6B3557-7435-42D8-9E5C-CE15C32041FE}.Debug|Any CPU.ActiveCfg = Debug|Any CPU
		{EB6B3557-7435-42D8-9E5C-CE15C32041FE}.Debug|Any CPU.Build.0 = Debug|Any CPU
		{EB6B3557-7435-42D8-9E5C-CE15C32041FE}.Release|Any CPU.ActiveCfg = Release|Any CPU
		{EB6B3557-7435-42D8-9E5C-CE15C32041FE}.Release|Any CPU.Build.0 = Release|Any CPU
		{8D74217D-B960-4133-A433-486A589FA01F}.Debug|Any CPU.ActiveCfg = Debug|Any CPU
		{8D74217D-B960-4133-A433-486A589FA01F}.Debug|Any CPU.Build.0 = Debug|Any CPU
		{8D74217D-B960-4133-A433-486A589FA01F}.Release|Any CPU.ActiveCfg = Release|Any CPU
		{8D74217D-B960-4133-A433-486A589FA01F}.Release|Any CPU.Build.0 = Release|Any CPU
		{4E66555E-604C-4410-BD6A-DD0C64BFC747}.Debug|Any CPU.ActiveCfg = Debug|Any CPU
		{4E66555E-604C-4410-BD6A-DD0C64BFC747}.Debug|Any CPU.Build.0 = Debug|Any CPU
		{4E66555E-604C-4410-BD6A-DD0C64BFC747}.Release|Any CPU.ActiveCfg = Release|Any CPU
		{4E66555E-604C-4410-BD6A-DD0C64BFC747}.Release|Any CPU.Build.0 = Release|Any CPU
		{457F2B22-7F8D-47C5-9603-0E2FCCA0A14E}.Debug|Any CPU.ActiveCfg = Debug|Any CPU
		{457F2B22-7F8D-47C5-9603-0E2FCCA0A14E}.Debug|Any CPU.Build.0 = Debug|Any CPU
		{457F2B22-7F8D-47C5-9603-0E2FCCA0A14E}.Release|Any CPU.ActiveCfg = Release|Any CPU
		{457F2B22-7F8D-47C5-9603-0E2FCCA0A14E}.Release|Any CPU.Build.0 = Release|Any CPU
		{D16D287D-D323-49D5-8F05-6743C1A3AC9A}.Debug|Any CPU.ActiveCfg = Debug|Any CPU
		{D16D287D-D323-49D5-8F05-6743C1A3AC9A}.Debug|Any CPU.Build.0 = Debug|Any CPU
		{D16D287D-D323-49D5-8F05-6743C1A3AC9A}.Release|Any CPU.ActiveCfg = Release|Any CPU
		{D16D287D-D323-49D5-8F05-6743C1A3AC9A}.Release|Any CPU.Build.0 = Release|Any CPU
		{C4E3AAE5-2EC8-427F-BCB3-80B4984FE1CF}.Debug|Any CPU.ActiveCfg = Debug|Any CPU
		{C4E3AAE5-2EC8-427F-BCB3-80B4984FE1CF}.Debug|Any CPU.Build.0 = Debug|Any CPU
		{C4E3AAE5-2EC8-427F-BCB3-80B4984FE1CF}.Release|Any CPU.ActiveCfg = Release|Any CPU
		{C4E3AAE5-2EC8-427F-BCB3-80B4984FE1CF}.Release|Any CPU.Build.0 = Release|Any CPU
		{E3C87566-6210-4809-B4F2-42988FEC207A}.Debug|Any CPU.ActiveCfg = Debug|Any CPU
		{E3C87566-6210-4809-B4F2-42988FEC207A}.Debug|Any CPU.Build.0 = Debug|Any CPU
		{E3C87566-6210-4809-B4F2-42988FEC207A}.Release|Any CPU.ActiveCfg = Release|Any CPU
		{E3C87566-6210-4809-B4F2-42988FEC207A}.Release|Any CPU.Build.0 = Release|Any CPU
	EndGlobalSection
	GlobalSection(SolutionProperties) = preSolution
		HideSolutionNode = FALSE
	EndGlobalSection
	GlobalSection(ExtensibilityGlobals) = postSolution
		SolutionGuid = {72F9B8D3-65B0-43EC-BB61-4AF8A2F70848}
	EndGlobalSection
EndGlobal
