
Microsoft Visual Studio Solution File, Format Version 12.00
# Visual Studio Version 16
VisualStudioVersion = 16.0.29102.190
MinimumVisualStudioVersion = 10.0.40219.1
Project("{9A19103F-16F7-4668-BE54-9A1E7A4F7556}") = "QbservableProvider.Client", "QbservableProvider.Client\QbservableProvider.Client.csproj", "{FCE970D5-6F51-4ECE-A232-FFCC40012D2B}"
EndProject
Project("{9A19103F-16F7-4668-BE54-9A1E7A4F7556}") = "QbservableProvider.Server", "QbservableProvider.Server\QbservableProvider.Server.csproj", "{2DCF575F-2F7F-46C0-ADB3-E3128B93B27D}"
EndProject
Project("{9A19103F-16F7-4668-BE54-9A1E7A4F7556}") = "QbservableProvider.Core", "QbservableProvider.Core\QbservableProvider.Core.csproj", "{8CA36077-1B27-4BDD-8085-284BB7BC3530}"
EndProject
Project("{9A19103F-16F7-4668-BE54-9A1E7A4F7556}") = "QbservableProvider.Test", "QbservableProvider.Test\QbservableProvider.Test.csproj", "{BEF11B3E-D8B3-41DB-86F3-08669EC19DBF}"
EndProject
Global
	GlobalSection(SolutionConfigurationPlatforms) = preSolution
		Debug|Any CPU = Debug|Any CPU
		Release|Any CPU = Release|Any CPU
	EndGlobalSection
	GlobalSection(ProjectConfigurationPlatforms) = postSolution
		{FCE970D5-6F51-4ECE-A232-FFCC40012D2B}.Debug|Any CPU.ActiveCfg = Debug|Any CPU
		{FCE970D5-6F51-4ECE-A232-FFCC40012D2B}.Debug|Any CPU.Build.0 = Debug|Any CPU
		{FCE970D5-6F51-4ECE-A232-FFCC40012D2B}.Release|Any CPU.ActiveCfg = Release|Any CPU
		{FCE970D5-6F51-4ECE-A232-FFCC40012D2B}.Release|Any CPU.Build.0 = Release|Any CPU
		{2DCF575F-2F7F-46C0-ADB3-E3128B93B27D}.Debug|Any CPU.ActiveCfg = Debug|Any CPU
		{2DCF575F-2F7F-46C0-ADB3-E3128B93B27D}.Debug|Any CPU.Build.0 = Debug|Any CPU
		{2DCF575F-2F7F-46C0-ADB3-E3128B93B27D}.Release|Any CPU.ActiveCfg = Release|Any CPU
		{2DCF575F-2F7F-46C0-ADB3-E3128B93B27D}.Release|Any CPU.Build.0 = Release|Any CPU
		{8CA36077-1B27-4BDD-8085-284BB7BC3530}.Debug|Any CPU.ActiveCfg = Debug|Any CPU
		{8CA36077-1B27-4BDD-8085-284BB7BC3530}.Debug|Any CPU.Build.0 = Debug|Any CPU
		{8CA36077-1B27-4BDD-8085-284BB7BC3530}.Release|Any CPU.ActiveCfg = Release|Any CPU
		{8CA36077-1B27-4BDD-8085-284BB7BC3530}.Release|Any CPU.Build.0 = Release|Any CPU
		{BEF11B3E-D8B3-41DB-86F3-08669EC19DBF}.Debug|Any CPU.ActiveCfg = Debug|Any CPU
		{BEF11B3E-D8B3-41DB-86F3-08669EC19DBF}.Debug|Any CPU.Build.0 = Debug|Any CPU
		{BEF11B3E-D8B3-41DB-86F3-08669EC19DBF}.Release|Any CPU.ActiveCfg = Release|Any CPU
		{BEF11B3E-D8B3-41DB-86F3-08669EC19DBF}.Release|Any CPU.Build.0 = Release|Any CPU
	EndGlobalSection
	GlobalSection(SolutionProperties) = preSolution
		HideSolutionNode = FALSE
	EndGlobalSection
	GlobalSection(ExtensibilityGlobals) = postSolution
		SolutionGuid = {72F9B8D3-65B0-43EC-BB61-4AF8A2F70848}
	EndGlobalSection
EndGlobal
